// !$*UTF8*$!
{
	archiveVersion = 1;
	classes = {
	};
	objectVersion = 56;
	objects = {

/* Begin PBXBuildFile section */
		AA3B1274293E882500458504 /* ComplexModule in Frameworks */ = {isa = PBXBuildFile; productRef = AA3B1273293E882500458504 /* ComplexModule */; };
		AA3B1276293E882500458504 /* Numerics in Frameworks */ = {isa = PBXBuildFile; productRef = AA3B1275293E882500458504 /* Numerics */; };
		AA3B1278293E882500458504 /* RealModule in Frameworks */ = {isa = PBXBuildFile; productRef = AA3B1277293E882500458504 /* RealModule */; };
		AA91561F293D72CD003302AB /* magFieldApp.swift in Sources */ = {isa = PBXBuildFile; fileRef = AA91561E293D72CD003302AB /* magFieldApp.swift */; };
		AA915621293D72CD003302AB /* ContentView.swift in Sources */ = {isa = PBXBuildFile; fileRef = AA915620293D72CD003302AB /* ContentView.swift */; };
		AA915626293D72D0003302AB /* Preview Assets.xcassets in Resources */ = {isa = PBXBuildFile; fileRef = AA915625293D72D0003302AB /* Preview Assets.xcassets */; };
		AA915630293D72D1003302AB /* magFieldTests.swift in Sources */ = {isa = PBXBuildFile; fileRef = AA91562F293D72D1003302AB /* magFieldTests.swift */; };
		AA91563A293D72D1003302AB /* magFieldUITests.swift in Sources */ = {isa = PBXBuildFile; fileRef = AA915639293D72D1003302AB /* magFieldUITests.swift */; };
		AA91563C293D72D1003302AB /* magFieldUITestsLaunchTests.swift in Sources */ = {isa = PBXBuildFile; fileRef = AA91563B293D72D1003302AB /* magFieldUITestsLaunchTests.swift */; };
		AA915649293D72F8003302AB /* magFieldVM.swift in Sources */ = {isa = PBXBuildFile; fileRef = AA915648293D72F8003302AB /* magFieldVM.swift */; };
		AAAE17672947C82D00627922 /* Assets.xcassets in Resources */ = {isa = PBXBuildFile; fileRef = AAAE17662947C82D00627922 /* Assets.xcassets */; };
		AAAE176929491EBC00627922 /* Measurement Types.swift in Sources */ = {isa = PBXBuildFile; fileRef = AAAE176829491EBC00627922 /* Measurement Types.swift */; };
		AAAE176A29491EBC00627922 /* Measurement Types.swift in Sources */ = {isa = PBXBuildFile; fileRef = AAAE176829491EBC00627922 /* Measurement Types.swift */; };
		AAAE176B29491EBC00627922 /* Measurement Types.swift in Sources */ = {isa = PBXBuildFile; fileRef = AAAE176829491EBC00627922 /* Measurement Types.swift */; };
		AAAE176D29491FB500627922 /* ContentView + controls.swift in Sources */ = {isa = PBXBuildFile; fileRef = AAAE176C29491FB500627922 /* ContentView + controls.swift */; };
		AAAE176E29491FB500627922 /* ContentView + controls.swift in Sources */ = {isa = PBXBuildFile; fileRef = AAAE176C29491FB500627922 /* ContentView + controls.swift */; };
		AAAE176F29491FB500627922 /* ContentView + controls.swift in Sources */ = {isa = PBXBuildFile; fileRef = AAAE176C29491FB500627922 /* ContentView + controls.swift */; };
		AAAE1771294921FC00627922 /* ContentView + export.swift in Sources */ = {isa = PBXBuildFile; fileRef = AAAE1770294921FC00627922 /* ContentView + export.swift */; };
		AAAE1772294921FC00627922 /* ContentView + export.swift in Sources */ = {isa = PBXBuildFile; fileRef = AAAE1770294921FC00627922 /* ContentView + export.swift */; };
		AAAE1773294921FC00627922 /* ContentView + export.swift in Sources */ = {isa = PBXBuildFile; fileRef = AAAE1770294921FC00627922 /* ContentView + export.swift */; };
/* End PBXBuildFile section */

/* Begin PBXContainerItemProxy section */
		AA91562C293D72D1003302AB /* PBXContainerItemProxy */ = {
			isa = PBXContainerItemProxy;
			containerPortal = AA915613293D72CD003302AB /* Project object */;
			proxyType = 1;
			remoteGlobalIDString = AA91561A293D72CD003302AB;
			remoteInfo = magField;
		};
		AA915636293D72D1003302AB /* PBXContainerItemProxy */ = {
			isa = PBXContainerItemProxy;
			containerPortal = AA915613293D72CD003302AB /* Project object */;
			proxyType = 1;
			remoteGlobalIDString = AA91561A293D72CD003302AB;
			remoteInfo = magField;
		};
/* End PBXContainerItemProxy section */

/* Begin PBXFileReference section */
		AA91561B293D72CD003302AB /* magField.app */ = {isa = PBXFileReference; explicitFileType = wrapper.application; includeInIndex = 0; path = magField.app; sourceTree = BUILT_PRODUCTS_DIR; };
		AA91561E293D72CD003302AB /* magFieldApp.swift */ = {isa = PBXFileReference; lastKnownFileType = sourcecode.swift; path = magFieldApp.swift; sourceTree = "<group>"; };
		AA915620293D72CD003302AB /* ContentView.swift */ = {isa = PBXFileReference; lastKnownFileType = sourcecode.swift; path = ContentView.swift; sourceTree = "<group>"; };
		AA915625293D72D0003302AB /* Preview Assets.xcassets */ = {isa = PBXFileReference; lastKnownFileType = folder.assetcatalog; path = "Preview Assets.xcassets"; sourceTree = "<group>"; };
		AA91562B293D72D1003302AB /* magFieldTests.xctest */ = {isa = PBXFileReference; explicitFileType = wrapper.cfbundle; includeInIndex = 0; path = magFieldTests.xctest; sourceTree = BUILT_PRODUCTS_DIR; };
		AA91562F293D72D1003302AB /* magFieldTests.swift */ = {isa = PBXFileReference; lastKnownFileType = sourcecode.swift; path = magFieldTests.swift; sourceTree = "<group>"; };
		AA915635293D72D1003302AB /* magFieldUITests.xctest */ = {isa = PBXFileReference; explicitFileType = wrapper.cfbundle; includeInIndex = 0; path = magFieldUITests.xctest; sourceTree = BUILT_PRODUCTS_DIR; };
		AA915639293D72D1003302AB /* magFieldUITests.swift */ = {isa = PBXFileReference; lastKnownFileType = sourcecode.swift; path = magFieldUITests.swift; sourceTree = "<group>"; };
		AA91563B293D72D1003302AB /* magFieldUITestsLaunchTests.swift */ = {isa = PBXFileReference; lastKnownFileType = sourcecode.swift; path = magFieldUITestsLaunchTests.swift; sourceTree = "<group>"; };
		AA915648293D72F8003302AB /* magFieldVM.swift */ = {isa = PBXFileReference; lastKnownFileType = sourcecode.swift; path = magFieldVM.swift; sourceTree = "<group>"; };
		AAAE17652947C11C00627922 /* README.md */ = {isa = PBXFileReference; lastKnownFileType = net.daringfireball.markdown; path = README.md; sourceTree = "<group>"; };
		AAAE17662947C82D00627922 /* Assets.xcassets */ = {isa = PBXFileReference; lastKnownFileType = folder.assetcatalog; path = Assets.xcassets; sourceTree = "<group>"; };
		AAAE176829491EBC00627922 /* Measurement Types.swift */ = {isa = PBXFileReference; lastKnownFileType = sourcecode.swift; path = "Measurement Types.swift"; sourceTree = "<group>"; };
		AAAE176C29491FB500627922 /* ContentView + controls.swift */ = {isa = PBXFileReference; lastKnownFileType = sourcecode.swift; path = "ContentView + controls.swift"; sourceTree = "<group>"; };
		AAAE1770294921FC00627922 /* ContentView + export.swift */ = {isa = PBXFileReference; lastKnownFileType = sourcecode.swift; path = "ContentView + export.swift"; sourceTree = "<group>"; };
/* End PBXFileReference section */

/* Begin PBXFrameworksBuildPhase section */
		AA915618293D72CD003302AB /* Frameworks */ = {
			isa = PBXFrameworksBuildPhase;
			buildActionMask = 2147483647;
			files = (
				AA3B1276293E882500458504 /* Numerics in Frameworks */,
				AA3B1274293E882500458504 /* ComplexModule in Frameworks */,
				AA3B1278293E882500458504 /* RealModule in Frameworks */,
			);
			runOnlyForDeploymentPostprocessing = 0;
		};
		AA915628293D72D1003302AB /* Frameworks */ = {
			isa = PBXFrameworksBuildPhase;
			buildActionMask = 2147483647;
			files = (
			);
			runOnlyForDeploymentPostprocessing = 0;
		};
		AA915632293D72D1003302AB /* Frameworks */ = {
			isa = PBXFrameworksBuildPhase;
			buildActionMask = 2147483647;
			files = (
			);
			runOnlyForDeploymentPostprocessing = 0;
		};
/* End PBXFrameworksBuildPhase section */

/* Begin PBXGroup section */
		AA915612293D72CD003302AB = {
			isa = PBXGroup;
			children = (
				AAAE17652947C11C00627922 /* README.md */,
				AA91561D293D72CD003302AB /* magField */,
				AA91562E293D72D1003302AB /* magFieldTests */,
				AA915638293D72D1003302AB /* magFieldUITests */,
				AA91561C293D72CD003302AB /* Products */,
			);
			sourceTree = "<group>";
		};
		AA91561C293D72CD003302AB /* Products */ = {
			isa = PBXGroup;
			children = (
				AA91561B293D72CD003302AB /* magField.app */,
				AA91562B293D72D1003302AB /* magFieldTests.xctest */,
				AA915635293D72D1003302AB /* magFieldUITests.xctest */,
			);
			name = Products;
			sourceTree = "<group>";
		};
		AA91561D293D72CD003302AB /* magField */ = {
			isa = PBXGroup;
			children = (
				AA91561E293D72CD003302AB /* magFieldApp.swift */,
				AA915648293D72F8003302AB /* magFieldVM.swift */,
				AAAE176829491EBC00627922 /* Measurement Types.swift */,
				AA915620293D72CD003302AB /* ContentView.swift */,
				AAAE1770294921FC00627922 /* ContentView + export.swift */,
				AAAE176C29491FB500627922 /* ContentView + controls.swift */,
				AAAE17662947C82D00627922 /* Assets.xcassets */,
				AA915624293D72D0003302AB /* Preview Content */,
			);
			path = magField;
			sourceTree = "<group>";
		};
		AA915624293D72D0003302AB /* Preview Content */ = {
			isa = PBXGroup;
			children = (
				AA915625293D72D0003302AB /* Preview Assets.xcassets */,
			);
			path = "Preview Content";
			sourceTree = "<group>";
		};
		AA91562E293D72D1003302AB /* magFieldTests */ = {
			isa = PBXGroup;
			children = (
				AA91562F293D72D1003302AB /* magFieldTests.swift */,
			);
			path = magFieldTests;
			sourceTree = "<group>";
		};
		AA915638293D72D1003302AB /* magFieldUITests */ = {
			isa = PBXGroup;
			children = (
				AA915639293D72D1003302AB /* magFieldUITests.swift */,
				AA91563B293D72D1003302AB /* magFieldUITestsLaunchTests.swift */,
			);
			path = magFieldUITests;
			sourceTree = "<group>";
		};
/* End PBXGroup section */

/* Begin PBXNativeTarget section */
		AA91561A293D72CD003302AB /* magField */ = {
			isa = PBXNativeTarget;
			buildConfigurationList = AA91563F293D72D1003302AB /* Build configuration list for PBXNativeTarget "magField" */;
			buildPhases = (
				AA915617293D72CD003302AB /* Sources */,
				AA915618293D72CD003302AB /* Frameworks */,
				AA915619293D72CD003302AB /* Resources */,
			);
			buildRules = (
			);
			dependencies = (
			);
			name = magField;
			packageProductDependencies = (
				AA3B1273293E882500458504 /* ComplexModule */,
				AA3B1275293E882500458504 /* Numerics */,
				AA3B1277293E882500458504 /* RealModule */,
			);
			productName = magField;
			productReference = AA91561B293D72CD003302AB /* magField.app */;
			productType = "com.apple.product-type.application";
		};
		AA91562A293D72D1003302AB /* magFieldTests */ = {
			isa = PBXNativeTarget;
			buildConfigurationList = AA915642293D72D1003302AB /* Build configuration list for PBXNativeTarget "magFieldTests" */;
			buildPhases = (
				AA915627293D72D1003302AB /* Sources */,
				AA915628293D72D1003302AB /* Frameworks */,
				AA915629293D72D1003302AB /* Resources */,
			);
			buildRules = (
			);
			dependencies = (
				AA91562D293D72D1003302AB /* PBXTargetDependency */,
			);
			name = magFieldTests;
			productName = magFieldTests;
			productReference = AA91562B293D72D1003302AB /* magFieldTests.xctest */;
			productType = "com.apple.product-type.bundle.unit-test";
		};
		AA915634293D72D1003302AB /* magFieldUITests */ = {
			isa = PBXNativeTarget;
			buildConfigurationList = AA915645293D72D1003302AB /* Build configuration list for PBXNativeTarget "magFieldUITests" */;
			buildPhases = (
				AA915631293D72D1003302AB /* Sources */,
				AA915632293D72D1003302AB /* Frameworks */,
				AA915633293D72D1003302AB /* Resources */,
			);
			buildRules = (
			);
			dependencies = (
				AA915637293D72D1003302AB /* PBXTargetDependency */,
			);
			name = magFieldUITests;
			productName = magFieldUITests;
			productReference = AA915635293D72D1003302AB /* magFieldUITests.xctest */;
			productType = "com.apple.product-type.bundle.ui-testing";
		};
/* End PBXNativeTarget section */

/* Begin PBXProject section */
		AA915613293D72CD003302AB /* Project object */ = {
			isa = PBXProject;
			attributes = {
				BuildIndependentTargetsInParallel = 1;
				LastSwiftUpdateCheck = 1410;
				LastUpgradeCheck = 1410;
				TargetAttributes = {
					AA91561A293D72CD003302AB = {
						CreatedOnToolsVersion = 14.1;
					};
					AA91562A293D72D1003302AB = {
						CreatedOnToolsVersion = 14.1;
						TestTargetID = AA91561A293D72CD003302AB;
					};
					AA915634293D72D1003302AB = {
						CreatedOnToolsVersion = 14.1;
						TestTargetID = AA91561A293D72CD003302AB;
					};
				};
			};
			buildConfigurationList = AA915616293D72CD003302AB /* Build configuration list for PBXProject "magField" */;
			compatibilityVersion = "Xcode 14.0";
			developmentRegion = en;
			hasScannedForEncodings = 0;
			knownRegions = (
				en,
				Base,
			);
			mainGroup = AA915612293D72CD003302AB;
			packageReferences = (
				AA3B1272293E882500458504 /* XCRemoteSwiftPackageReference "swift-numerics" */,
			);
			productRefGroup = AA91561C293D72CD003302AB /* Products */;
			projectDirPath = "";
			projectRoot = "";
			targets = (
				AA91561A293D72CD003302AB /* magField */,
				AA91562A293D72D1003302AB /* magFieldTests */,
				AA915634293D72D1003302AB /* magFieldUITests */,
			);
		};
/* End PBXProject section */

/* Begin PBXResourcesBuildPhase section */
		AA915619293D72CD003302AB /* Resources */ = {
			isa = PBXResourcesBuildPhase;
			buildActionMask = 2147483647;
			files = (
				AAAE17672947C82D00627922 /* Assets.xcassets in Resources */,
				AA915626293D72D0003302AB /* Preview Assets.xcassets in Resources */,
			);
			runOnlyForDeploymentPostprocessing = 0;
		};
		AA915629293D72D1003302AB /* Resources */ = {
			isa = PBXResourcesBuildPhase;
			buildActionMask = 2147483647;
			files = (
			);
			runOnlyForDeploymentPostprocessing = 0;
		};
		AA915633293D72D1003302AB /* Resources */ = {
			isa = PBXResourcesBuildPhase;
			buildActionMask = 2147483647;
			files = (
			);
			runOnlyForDeploymentPostprocessing = 0;
		};
/* End PBXResourcesBuildPhase section */

/* Begin PBXSourcesBuildPhase section */
		AA915617293D72CD003302AB /* Sources */ = {
			isa = PBXSourcesBuildPhase;
			buildActionMask = 2147483647;
			files = (
				AAAE176929491EBC00627922 /* Measurement Types.swift in Sources */,
				AA915621293D72CD003302AB /* ContentView.swift in Sources */,
				AA915649293D72F8003302AB /* magFieldVM.swift in Sources */,
				AAAE176D29491FB500627922 /* ContentView + controls.swift in Sources */,
				AAAE1771294921FC00627922 /* ContentView + export.swift in Sources */,
				AA91561F293D72CD003302AB /* magFieldApp.swift in Sources */,
			);
			runOnlyForDeploymentPostprocessing = 0;
		};
		AA915627293D72D1003302AB /* Sources */ = {
			isa = PBXSourcesBuildPhase;
			buildActionMask = 2147483647;
			files = (
				AAAE1772294921FC00627922 /* ContentView + export.swift in Sources */,
				AAAE176E29491FB500627922 /* ContentView + controls.swift in Sources */,
				AAAE176A29491EBC00627922 /* Measurement Types.swift in Sources */,
				AA915630293D72D1003302AB /* magFieldTests.swift in Sources */,
			);
			runOnlyForDeploymentPostprocessing = 0;
		};
		AA915631293D72D1003302AB /* Sources */ = {
			isa = PBXSourcesBuildPhase;
			buildActionMask = 2147483647;
			files = (
				AA91563C293D72D1003302AB /* magFieldUITestsLaunchTests.swift in Sources */,
				AAAE176B29491EBC00627922 /* Measurement Types.swift in Sources */,
				AAAE176F29491FB500627922 /* ContentView + controls.swift in Sources */,
				AA91563A293D72D1003302AB /* magFieldUITests.swift in Sources */,
				AAAE1773294921FC00627922 /* ContentView + export.swift in Sources */,
			);
			runOnlyForDeploymentPostprocessing = 0;
		};
/* End PBXSourcesBuildPhase section */

/* Begin PBXTargetDependency section */
		AA91562D293D72D1003302AB /* PBXTargetDependency */ = {
			isa = PBXTargetDependency;
			target = AA91561A293D72CD003302AB /* magField */;
			targetProxy = AA91562C293D72D1003302AB /* PBXContainerItemProxy */;
		};
		AA915637293D72D1003302AB /* PBXTargetDependency */ = {
			isa = PBXTargetDependency;
			target = AA91561A293D72CD003302AB /* magField */;
			targetProxy = AA915636293D72D1003302AB /* PBXContainerItemProxy */;
		};
/* End PBXTargetDependency section */

/* Begin XCBuildConfiguration section */
		AA91563D293D72D1003302AB /* Debug */ = {
			isa = XCBuildConfiguration;
			buildSettings = {
				ALWAYS_SEARCH_USER_PATHS = NO;
				CLANG_ANALYZER_NONNULL = YES;
				CLANG_ANALYZER_NUMBER_OBJECT_CONVERSION = YES_AGGRESSIVE;
				CLANG_CXX_LANGUAGE_STANDARD = "gnu++20";
				CLANG_ENABLE_MODULES = YES;
				CLANG_ENABLE_OBJC_ARC = YES;
				CLANG_ENABLE_OBJC_WEAK = YES;
				CLANG_WARN_BLOCK_CAPTURE_AUTORELEASING = YES;
				CLANG_WARN_BOOL_CONVERSION = YES;
				CLANG_WARN_COMMA = YES;
				CLANG_WARN_CONSTANT_CONVERSION = YES;
				CLANG_WARN_DEPRECATED_OBJC_IMPLEMENTATIONS = YES;
				CLANG_WARN_DIRECT_OBJC_ISA_USAGE = YES_ERROR;
				CLANG_WARN_DOCUMENTATION_COMMENTS = YES;
				CLANG_WARN_EMPTY_BODY = YES;
				CLANG_WARN_ENUM_CONVERSION = YES;
				CLANG_WARN_INFINITE_RECURSION = YES;
				CLANG_WARN_INT_CONVERSION = YES;
				CLANG_WARN_NON_LITERAL_NULL_CONVERSION = YES;
				CLANG_WARN_OBJC_IMPLICIT_RETAIN_SELF = YES;
				CLANG_WARN_OBJC_LITERAL_CONVERSION = YES;
				CLANG_WARN_OBJC_ROOT_CLASS = YES_ERROR;
				CLANG_WARN_QUOTED_INCLUDE_IN_FRAMEWORK_HEADER = YES;
				CLANG_WARN_RANGE_LOOP_ANALYSIS = YES;
				CLANG_WARN_STRICT_PROTOTYPES = YES;
				CLANG_WARN_SUSPICIOUS_MOVE = YES;
				CLANG_WARN_UNGUARDED_AVAILABILITY = YES_AGGRESSIVE;
				CLANG_WARN_UNREACHABLE_CODE = YES;
				CLANG_WARN__DUPLICATE_METHOD_MATCH = YES;
				COPY_PHASE_STRIP = NO;
				DEBUG_INFORMATION_FORMAT = dwarf;
				ENABLE_STRICT_OBJC_MSGSEND = YES;
				ENABLE_TESTABILITY = YES;
				GCC_C_LANGUAGE_STANDARD = gnu11;
				GCC_DYNAMIC_NO_PIC = NO;
				GCC_NO_COMMON_BLOCKS = YES;
				GCC_OPTIMIZATION_LEVEL = 0;
				GCC_PREPROCESSOR_DEFINITIONS = (
					"DEBUG=1",
					"$(inherited)",
				);
				GCC_WARN_64_TO_32_BIT_CONVERSION = YES;
				GCC_WARN_ABOUT_RETURN_TYPE = YES_ERROR;
				GCC_WARN_UNDECLARED_SELECTOR = YES;
				GCC_WARN_UNINITIALIZED_AUTOS = YES_AGGRESSIVE;
				GCC_WARN_UNUSED_FUNCTION = YES;
				GCC_WARN_UNUSED_VARIABLE = YES;
				IPHONEOS_DEPLOYMENT_TARGET = 16.1;
				MTL_ENABLE_DEBUG_INFO = INCLUDE_SOURCE;
				MTL_FAST_MATH = YES;
				ONLY_ACTIVE_ARCH = YES;
				SDKROOT = iphoneos;
				SWIFT_ACTIVE_COMPILATION_CONDITIONS = DEBUG;
				SWIFT_OPTIMIZATION_LEVEL = "-Onone";
			};
			name = Debug;
		};
		AA91563E293D72D1003302AB /* Release */ = {
			isa = XCBuildConfiguration;
			buildSettings = {
				ALWAYS_SEARCH_USER_PATHS = NO;
				CLANG_ANALYZER_NONNULL = YES;
				CLANG_ANALYZER_NUMBER_OBJECT_CONVERSION = YES_AGGRESSIVE;
				CLANG_CXX_LANGUAGE_STANDARD = "gnu++20";
				CLANG_ENABLE_MODULES = YES;
				CLANG_ENABLE_OBJC_ARC = YES;
				CLANG_ENABLE_OBJC_WEAK = YES;
				CLANG_WARN_BLOCK_CAPTURE_AUTORELEASING = YES;
				CLANG_WARN_BOOL_CONVERSION = YES;
				CLANG_WARN_COMMA = YES;
				CLANG_WARN_CONSTANT_CONVERSION = YES;
				CLANG_WARN_DEPRECATED_OBJC_IMPLEMENTATIONS = YES;
				CLANG_WARN_DIRECT_OBJC_ISA_USAGE = YES_ERROR;
				CLANG_WARN_DOCUMENTATION_COMMENTS = YES;
				CLANG_WARN_EMPTY_BODY = YES;
				CLANG_WARN_ENUM_CONVERSION = YES;
				CLANG_WARN_INFINITE_RECURSION = YES;
				CLANG_WARN_INT_CONVERSION = YES;
				CLANG_WARN_NON_LITERAL_NULL_CONVERSION = YES;
				CLANG_WARN_OBJC_IMPLICIT_RETAIN_SELF = YES;
				CLANG_WARN_OBJC_LITERAL_CONVERSION = YES;
				CLANG_WARN_OBJC_ROOT_CLASS = YES_ERROR;
				CLANG_WARN_QUOTED_INCLUDE_IN_FRAMEWORK_HEADER = YES;
				CLANG_WARN_RANGE_LOOP_ANALYSIS = YES;
				CLANG_WARN_STRICT_PROTOTYPES = YES;
				CLANG_WARN_SUSPICIOUS_MOVE = YES;
				CLANG_WARN_UNGUARDED_AVAILABILITY = YES_AGGRESSIVE;
				CLANG_WARN_UNREACHABLE_CODE = YES;
				CLANG_WARN__DUPLICATE_METHOD_MATCH = YES;
				COPY_PHASE_STRIP = NO;
				DEBUG_INFORMATION_FORMAT = "dwarf-with-dsym";
				ENABLE_NS_ASSERTIONS = NO;
				ENABLE_STRICT_OBJC_MSGSEND = YES;
				GCC_C_LANGUAGE_STANDARD = gnu11;
				GCC_NO_COMMON_BLOCKS = YES;
				GCC_WARN_64_TO_32_BIT_CONVERSION = YES;
				GCC_WARN_ABOUT_RETURN_TYPE = YES_ERROR;
				GCC_WARN_UNDECLARED_SELECTOR = YES;
				GCC_WARN_UNINITIALIZED_AUTOS = YES_AGGRESSIVE;
				GCC_WARN_UNUSED_FUNCTION = YES;
				GCC_WARN_UNUSED_VARIABLE = YES;
				IPHONEOS_DEPLOYMENT_TARGET = 16.1;
				MTL_ENABLE_DEBUG_INFO = NO;
				MTL_FAST_MATH = YES;
				SDKROOT = iphoneos;
				SWIFT_COMPILATION_MODE = wholemodule;
				SWIFT_OPTIMIZATION_LEVEL = "-O";
				VALIDATE_PRODUCT = YES;
			};
			name = Release;
		};
		AA915640293D72D1003302AB /* Debug */ = {
			isa = XCBuildConfiguration;
			buildSettings = {
				ASSETCATALOG_COMPILER_APPICON_NAME = AppIcon;
				ASSETCATALOG_COMPILER_GLOBAL_ACCENT_COLOR_NAME = AccentColor;
				CODE_SIGN_IDENTITY = "Apple Development";
				CODE_SIGN_STYLE = Automatic;
				CURRENT_PROJECT_VERSION = 1;
				DEVELOPMENT_ASSET_PATHS = "\"magField/Preview Content\"";
				DEVELOPMENT_TEAM = 3F7MQRNEB5;
				ENABLE_PREVIEWS = YES;
				GENERATE_INFOPLIST_FILE = YES;
				INFOPLIST_KEY_UIApplicationSceneManifest_Generation = YES;
				INFOPLIST_KEY_UIApplicationSupportsIndirectInputEvents = YES;
				INFOPLIST_KEY_UILaunchScreen_Generation = YES;
				INFOPLIST_KEY_UISupportedInterfaceOrientations_iPad = "UIInterfaceOrientationPortrait UIInterfaceOrientationPortraitUpsideDown UIInterfaceOrientationLandscapeLeft UIInterfaceOrientationLandscapeRight";
				INFOPLIST_KEY_UISupportedInterfaceOrientations_iPhone = "UIInterfaceOrientationPortrait UIInterfaceOrientationLandscapeLeft UIInterfaceOrientationLandscapeRight";
				LD_RUNPATH_SEARCH_PATHS = (
					"$(inherited)",
					"@executable_path/Frameworks",
				);
				MARKETING_VERSION = 1.0;
				PRODUCT_BUNDLE_IDENTIFIER = uk.co.handmadescience.magField;
				PRODUCT_NAME = "$(TARGET_NAME)";
				PROVISIONING_PROFILE_SPECIFIER = "";
				SWIFT_EMIT_LOC_STRINGS = YES;
				SWIFT_VERSION = 5.0;
				TARGETED_DEVICE_FAMILY = "1,2";
			};
			name = Debug;
		};
		AA915641293D72D1003302AB /* Release */ = {
			isa = XCBuildConfiguration;
			buildSettings = {
				ASSETCATALOG_COMPILER_APPICON_NAME = AppIcon;
				ASSETCATALOG_COMPILER_GLOBAL_ACCENT_COLOR_NAME = AccentColor;
				CODE_SIGN_IDENTITY = "Apple Development";
				CODE_SIGN_STYLE = Automatic;
				CURRENT_PROJECT_VERSION = 1;
				DEVELOPMENT_ASSET_PATHS = "\"magField/Preview Content\"";
				DEVELOPMENT_TEAM = 3F7MQRNEB5;
				ENABLE_PREVIEWS = YES;
				GENERATE_INFOPLIST_FILE = YES;
				INFOPLIST_KEY_UIApplicationSceneManifest_Generation = YES;
				INFOPLIST_KEY_UIApplicationSupportsIndirectInputEvents = YES;
				INFOPLIST_KEY_UILaunchScreen_Generation = YES;
				INFOPLIST_KEY_UISupportedInterfaceOrientations_iPad = "UIInterfaceOrientationPortrait UIInterfaceOrientationPortraitUpsideDown UIInterfaceOrientationLandscapeLeft UIInterfaceOrientationLandscapeRight";
				INFOPLIST_KEY_UISupportedInterfaceOrientations_iPhone = "UIInterfaceOrientationPortrait UIInterfaceOrientationLandscapeLeft UIInterfaceOrientationLandscapeRight";
				LD_RUNPATH_SEARCH_PATHS = (
					"$(inherited)",
					"@executable_path/Frameworks",
				);
				MARKETING_VERSION = 1.0;
				PRODUCT_BUNDLE_IDENTIFIER = uk.co.handmadescience.magField;
				PRODUCT_NAME = "$(TARGET_NAME)";
				PROVISIONING_PROFILE_SPECIFIER = "";
				SWIFT_EMIT_LOC_STRINGS = YES;
				SWIFT_VERSION = 5.0;
				TARGETED_DEVICE_FAMILY = "1,2";
			};
			name = Release;
		};
		AA915643293D72D1003302AB /* Debug */ = {
			isa = XCBuildConfiguration;
			buildSettings = {
				ALWAYS_EMBED_SWIFT_STANDARD_LIBRARIES = YES;
				BUNDLE_LOADER = "$(TEST_HOST)";
				CODE_SIGN_STYLE = Automatic;
				CURRENT_PROJECT_VERSION = 1;
				DEVELOPMENT_TEAM = 3F7MQRNEB5;
				GENERATE_INFOPLIST_FILE = YES;
				IPHONEOS_DEPLOYMENT_TARGET = 16.1;
				MARKETING_VERSION = 1.0;
				PRODUCT_BUNDLE_IDENTIFIER = uk.co.handmadescience.magFieldTests;
				PRODUCT_NAME = "$(TARGET_NAME)";
				SWIFT_EMIT_LOC_STRINGS = NO;
				SWIFT_VERSION = 5.0;
				TARGETED_DEVICE_FAMILY = "1,2";
				TEST_HOST = "$(BUILT_PRODUCTS_DIR)/magField.app/$(BUNDLE_EXECUTABLE_FOLDER_PATH)/magField";
			};
			name = Debug;
		};
		AA915644293D72D1003302AB /* Release */ = {
			isa = XCBuildConfiguration;
			buildSettings = {
				ALWAYS_EMBED_SWIFT_STANDARD_LIBRARIES = YES;
				BUNDLE_LOADER = "$(TEST_HOST)";
				CODE_SIGN_STYLE = Automatic;
				CURRENT_PROJECT_VERSION = 1;
				DEVELOPMENT_TEAM = 3F7MQRNEB5;
				GENERATE_INFOPLIST_FILE = YES;
				IPHONEOS_DEPLOYMENT_TARGET = 16.1;
				MARKETING_VERSION = 1.0;
				PRODUCT_BUNDLE_IDENTIFIER = uk.co.handmadescience.magFieldTests;
				PRODUCT_NAME = "$(TARGET_NAME)";
				SWIFT_EMIT_LOC_STRINGS = NO;
				SWIFT_VERSION = 5.0;
				TARGETED_DEVICE_FAMILY = "1,2";
				TEST_HOST = "$(BUILT_PRODUCTS_DIR)/magField.app/$(BUNDLE_EXECUTABLE_FOLDER_PATH)/magField";
			};
			name = Release;
		};
		AA915646293D72D1003302AB /* Debug */ = {
			isa = XCBuildConfiguration;
			buildSettings = {
				ALWAYS_EMBED_SWIFT_STANDARD_LIBRARIES = YES;
				CODE_SIGN_STYLE = Automatic;
				CURRENT_PROJECT_VERSION = 1;
				DEVELOPMENT_TEAM = 3F7MQRNEB5;
				GENERATE_INFOPLIST_FILE = YES;
				MARKETING_VERSION = 1.0;
				PRODUCT_BUNDLE_IDENTIFIER = uk.co.handmadescience.magFieldUITests;
				PRODUCT_NAME = "$(TARGET_NAME)";
				SWIFT_EMIT_LOC_STRINGS = NO;
				SWIFT_VERSION = 5.0;
				TARGETED_DEVICE_FAMILY = "1,2";
				TEST_TARGET_NAME = magField;
			};
			name = Debug;
		};
		AA915647293D72D1003302AB /* Release */ = {
			isa = XCBuildConfiguration;
			buildSettings = {
				ALWAYS_EMBED_SWIFT_STANDARD_LIBRARIES = YES;
				CODE_SIGN_STYLE = Automatic;
				CURRENT_PROJECT_VERSION = 1;
				DEVELOPMENT_TEAM = 3F7MQRNEB5;
				GENERATE_INFOPLIST_FILE = YES;
				MARKETING_VERSION = 1.0;
				PRODUCT_BUNDLE_IDENTIFIER = uk.co.handmadescience.magFieldUITests;
				PRODUCT_NAME = "$(TARGET_NAME)";
				SWIFT_EMIT_LOC_STRINGS = NO;
				SWIFT_VERSION = 5.0;
				TARGETED_DEVICE_FAMILY = "1,2";
				TEST_TARGET_NAME = magField;
			};
			name = Release;
		};
/* End XCBuildConfiguration section */

/* Begin XCConfigurationList section */
		AA915616293D72CD003302AB /* Build configuration list for PBXProject "magField" */ = {
			isa = XCConfigurationList;
			buildConfigurations = (
				AA91563D293D72D1003302AB /* Debug */,
				AA91563E293D72D1003302AB /* Release */,
			);
			defaultConfigurationIsVisible = 0;
			defaultConfigurationName = Release;
		};
		AA91563F293D72D1003302AB /* Build configuration list for PBXNativeTarget "magField" */ = {
			isa = XCConfigurationList;
			buildConfigurations = (
				AA915640293D72D1003302AB /* Debug */,
				AA915641293D72D1003302AB /* Release */,
			);
			defaultConfigurationIsVisible = 0;
			defaultConfigurationName = Release;
		};
		AA915642293D72D1003302AB /* Build configuration list for PBXNativeTarget "magFieldTests" */ = {
			isa = XCConfigurationList;
			buildConfigurations = (
				AA915643293D72D1003302AB /* Debug */,
				AA915644293D72D1003302AB /* Release */,
			);
			defaultConfigurationIsVisible = 0;
			defaultConfigurationName = Release;
		};
		AA915645293D72D1003302AB /* Build configuration list for PBXNativeTarget "magFieldUITests" */ = {
			isa = XCConfigurationList;
			buildConfigurations = (
				AA915646293D72D1003302AB /* Debug */,
				AA915647293D72D1003302AB /* Release */,
			);
			defaultConfigurationIsVisible = 0;
			defaultConfigurationName = Release;
		};
/* End XCConfigurationList section */

/* Begin XCRemoteSwiftPackageReference section */
		AA3B1272293E882500458504 /* XCRemoteSwiftPackageReference "swift-numerics" */ = {
			isa = XCRemoteSwiftPackageReference;
			repositoryURL = "https://github.com/apple/swift-numerics.git";
			requirement = {
				kind = upToNextMajorVersion;
				minimumVersion = 1.0.0;
			};
		};
/* End XCRemoteSwiftPackageReference section */

/* Begin XCSwiftPackageProductDependency section */
		AA3B1273293E882500458504 /* ComplexModule */ = {
			isa = XCSwiftPackageProductDependency;
			package = AA3B1272293E882500458504 /* XCRemoteSwiftPackageReference "swift-numerics" */;
			productName = ComplexModule;
		};
		AA3B1275293E882500458504 /* Numerics */ = {
			isa = XCSwiftPackageProductDependency;
			package = AA3B1272293E882500458504 /* XCRemoteSwiftPackageReference "swift-numerics" */;
			productName = Numerics;
		};
		AA3B1277293E882500458504 /* RealModule */ = {
			isa = XCSwiftPackageProductDependency;
			package = AA3B1272293E882500458504 /* XCRemoteSwiftPackageReference "swift-numerics" */;
			productName = RealModule;
		};
/* End XCSwiftPackageProductDependency section */
	};
	rootObject = AA915613293D72CD003302AB /* Project object */;
}
